
Microsoft Visual Studio Solution File, Format Version 12.00
# Visual Studio Version 16
VisualStudioVersion = 16.0.28315.86
MinimumVisualStudioVersion = 10.0.40219.1
Project("{FAE04EC0-301F-11D3-BF4B-00C04F79EFBC}") = "FunctionApp1", "FunctionApp1\FunctionApp1.csproj", "{A51AD912-0316-4CC5-9A13-8AA9AABC50DB}"
EndProject
Global
	GlobalSection(SolutionConfigurationPlatforms) = preSolution
		Debug|Any CPU = Debug|Any CPU
		Release|Any CPU = Release|Any CPU
	EndGlobalSection
	GlobalSection(ProjectConfigurationPlatforms) = postSolution
		{A51AD912-0316-4CC5-9A13-8AA9AABC50DB}.Debug|Any CPU.ActiveCfg = Debug|Any CPU
		{A51AD912-0316-4CC5-9A13-8AA9AABC50DB}.Debug|Any CPU.Build.0 = Debug|Any CPU
		{A51AD912-0316-4CC5-9A13-8AA9AABC50DB}.Release|Any CPU.ActiveCfg = Release|Any CPU
		{A51AD912-0316-4CC5-9A13-8AA9AABC50DB}.Release|Any CPU.Build.0 = Release|Any CPU
	EndGlobalSection
	GlobalSection(SolutionProperties) = preSolution
		HideSolutionNode = FALSE
	EndGlobalSection
	GlobalSection(ExtensibilityGlobals) = postSolution
		SolutionGuid = {68EBD560-93FA-4772-9C28-E64190D3012C}
	EndGlobalSection
EndGlobal
